// !$*UTF8*$!
{
	archiveVersion = 1;
	classes = {
	};
	objectVersion = 56;
	objects = {

/* Begin PBXBuildFile section */
		23E458C42B385E0400B4F3C3 /* GuideBookApp.swift in Sources */ = {isa = PBXBuildFile; fileRef = 23E458C32B385E0400B4F3C3 /* GuideBookApp.swift */; };
		23E458C62B385E0400B4F3C3 /* CityView.swift in Sources */ = {isa = PBXBuildFile; fileRef = 23E458C52B385E0400B4F3C3 /* CityView.swift */; };
		23E458C82B385E0500B4F3C3 /* Assets.xcassets in Resources */ = {isa = PBXBuildFile; fileRef = 23E458C72B385E0500B4F3C3 /* Assets.xcassets */; };
		23E458CB2B385E0500B4F3C3 /* Preview Assets.xcassets in Resources */ = {isa = PBXBuildFile; fileRef = 23E458CA2B385E0500B4F3C3 /* Preview Assets.xcassets */; };
		23E458D22B385E4600B4F3C3 /* AttractionView.swift in Sources */ = {isa = PBXBuildFile; fileRef = 23E458D12B385E4600B4F3C3 /* AttractionView.swift */; };
		23E458D42B385E5800B4F3C3 /* DetailsView.swift in Sources */ = {isa = PBXBuildFile; fileRef = 23E458D32B385E5800B4F3C3 /* DetailsView.swift */; };
		23E458D62B385E7F00B4F3C3 /* DataService.swift in Sources */ = {isa = PBXBuildFile; fileRef = 23E458D52B385E7F00B4F3C3 /* DataService.swift */; };
		23E458D82B385EDF00B4F3C3 /* City.swift in Sources */ = {isa = PBXBuildFile; fileRef = 23E458D72B385EDF00B4F3C3 /* City.swift */; };
		23E458DA2B385F3500B4F3C3 /* Attraction.swift in Sources */ = {isa = PBXBuildFile; fileRef = 23E458D92B385F3500B4F3C3 /* Attraction.swift */; };
/* End PBXBuildFile section */

/* Begin PBXFileReference section */
		23E458C02B385E0400B4F3C3 /* GuideBook.app */ = {isa = PBXFileReference; explicitFileType = wrapper.application; includeInIndex = 0; path = GuideBook.app; sourceTree = BUILT_PRODUCTS_DIR; };
		23E458C32B385E0400B4F3C3 /* GuideBookApp.swift */ = {isa = PBXFileReference; lastKnownFileType = sourcecode.swift; path = GuideBookApp.swift; sourceTree = "<group>"; };
		23E458C52B385E0400B4F3C3 /* CityView.swift */ = {isa = PBXFileReference; lastKnownFileType = sourcecode.swift; path = CityView.swift; sourceTree = "<group>"; };
		23E458C72B385E0500B4F3C3 /* Assets.xcassets */ = {isa = PBXFileReference; lastKnownFileType = folder.assetcatalog; path = Assets.xcassets; sourceTree = "<group>"; };
		23E458CA2B385E0500B4F3C3 /* Preview Assets.xcassets */ = {isa = PBXFileReference; lastKnownFileType = folder.assetcatalog; path = "Preview Assets.xcassets"; sourceTree = "<group>"; };
		23E458D12B385E4600B4F3C3 /* AttractionView.swift */ = {isa = PBXFileReference; lastKnownFileType = sourcecode.swift; path = AttractionView.swift; sourceTree = "<group>"; };
		23E458D32B385E5800B4F3C3 /* DetailsView.swift */ = {isa = PBXFileReference; lastKnownFileType = sourcecode.swift; path = DetailsView.swift; sourceTree = "<group>"; };
		23E458D52B385E7F00B4F3C3 /* DataService.swift */ = {isa = PBXFileReference; lastKnownFileType = sourcecode.swift; path = DataService.swift; sourceTree = "<group>"; };
		23E458D72B385EDF00B4F3C3 /* City.swift */ = {isa = PBXFileReference; lastKnownFileType = sourcecode.swift; path = City.swift; sourceTree = "<group>"; };
		23E458D92B385F3500B4F3C3 /* Attraction.swift */ = {isa = PBXFileReference; lastKnownFileType = sourcecode.swift; path = Attraction.swift; sourceTree = "<group>"; };
/* End PBXFileReference section */

/* Begin PBXFrameworksBuildPhase section */
		23E458BD2B385E0400B4F3C3 /* Frameworks */ = {
			isa = PBXFrameworksBuildPhase;
			buildActionMask = 2147483647;
			files = (
			);
			runOnlyForDeploymentPostprocessing = 0;
		};
/* End PBXFrameworksBuildPhase section */

/* Begin PBXGroup section */
		23E458B72B385E0400B4F3C3 = {
			isa = PBXGroup;
			children = (
				23E458C22B385E0400B4F3C3 /* GuideBook */,
				23E458C12B385E0400B4F3C3 /* Products */,
			);
			sourceTree = "<group>";
		};
		23E458C12B385E0400B4F3C3 /* Products */ = {
			isa = PBXGroup;
			children = (
				23E458C02B385E0400B4F3C3 /* GuideBook.app */,
			);
			name = Products;
			sourceTree = "<group>";
		};
		23E458C22B385E0400B4F3C3 /* GuideBook */ = {
			isa = PBXGroup;
			children = (
				23E458C32B385E0400B4F3C3 /* GuideBookApp.swift */,
				23E458C52B385E0400B4F3C3 /* CityView.swift */,
				23E458D12B385E4600B4F3C3 /* AttractionView.swift */,
				23E458D32B385E5800B4F3C3 /* DetailsView.swift */,
				23E458D52B385E7F00B4F3C3 /* DataService.swift */,
				23E458C72B385E0500B4F3C3 /* Assets.xcassets */,
				23E458C92B385E0500B4F3C3 /* Preview Content */,
				23E458D72B385EDF00B4F3C3 /* City.swift */,
				23E458D92B385F3500B4F3C3 /* Attraction.swift */,
			);
			path = GuideBook;
			sourceTree = "<group>";
		};
		23E458C92B385E0500B4F3C3 /* Preview Content */ = {
			isa = PBXGroup;
			children = (
				23E458CA2B385E0500B4F3C3 /* Preview Assets.xcassets */,
			);
			path = "Preview Content";
			sourceTree = "<group>";
		};
/* End PBXGroup section */

/* Begin PBXNativeTarget section */
		23E458BF2B385E0400B4F3C3 /* GuideBook */ = {
			isa = PBXNativeTarget;
			buildConfigurationList = 23E458CE2B385E0500B4F3C3 /* Build configuration list for PBXNativeTarget "GuideBook" */;
			buildPhases = (
				23E458BC2B385E0400B4F3C3 /* Sources */,
				23E458BD2B385E0400B4F3C3 /* Frameworks */,
				23E458BE2B385E0400B4F3C3 /* Resources */,
			);
			buildRules = (
			);
			dependencies = (
			);
			name = GuideBook;
			productName = GuideBook;
			productReference = 23E458C02B385E0400B4F3C3 /* GuideBook.app */;
			productType = "com.apple.product-type.application";
		};
/* End PBXNativeTarget section */

/* Begin PBXProject section */
		23E458B82B385E0400B4F3C3 /* Project object */ = {
			isa = PBXProject;
			attributes = {
				BuildIndependentTargetsInParallel = 1;
				LastSwiftUpdateCheck = 1510;
				LastUpgradeCheck = 1510;
				TargetAttributes = {
					23E458BF2B385E0400B4F3C3 = {
						CreatedOnToolsVersion = 15.1;
					};
				};
			};
			buildConfigurationList = 23E458BB2B385E0400B4F3C3 /* Build configuration list for PBXProject "GuideBook" */;
			compatibilityVersion = "Xcode 14.0";
			developmentRegion = en;
			hasScannedForEncodings = 0;
			knownRegions = (
				en,
				Base,
			);
			mainGroup = 23E458B72B385E0400B4F3C3;
			productRefGroup = 23E458C12B385E0400B4F3C3 /* Products */;
			projectDirPath = "";
			projectRoot = "";
			targets = (
				23E458BF2B385E0400B4F3C3 /* GuideBook */,
			);
		};
/* End PBXProject section */

/* Begin PBXResourcesBuildPhase section */
		23E458BE2B385E0400B4F3C3 /* Resources */ = {
			isa = PBXResourcesBuildPhase;
			buildActionMask = 2147483647;
			files = (
				23E458CB2B385E0500B4F3C3 /* Preview Assets.xcassets in Resources */,
				23E458C82B385E0500B4F3C3 /* Assets.xcassets in Resources */,
			);
			runOnlyForDeploymentPostprocessing = 0;
		};
/* End PBXResourcesBuildPhase section */

/* Begin PBXSourcesBuildPhase section */
		23E458BC2B385E0400B4F3C3 /* Sources */ = {
			isa = PBXSourcesBuildPhase;
			buildActionMask = 2147483647;
			files = (
				23E458C62B385E0400B4F3C3 /* CityView.swift in Sources */,
				23E458D42B385E5800B4F3C3 /* DetailsView.swift in Sources */,
				23E458D82B385EDF00B4F3C3 /* City.swift in Sources */,
				23E458DA2B385F3500B4F3C3 /* Attraction.swift in Sources */,
				23E458C42B385E0400B4F3C3 /* GuideBookApp.swift in Sources */,
				23E458D22B385E4600B4F3C3 /* AttractionView.swift in Sources */,
				23E458D62B385E7F00B4F3C3 /* DataService.swift in Sources */,
			);
			runOnlyForDeploymentPostprocessing = 0;
		};
/* End PBXSourcesBuildPhase section */

/* Begin XCBuildConfiguration section */
		23E458CC2B385E0500B4F3C3 /* Debug */ = {
			isa = XCBuildConfiguration;
			buildSettings = {
				ALWAYS_SEARCH_USER_PATHS = NO;
				ASSETCATALOG_COMPILER_GENERATE_SWIFT_ASSET_SYMBOL_EXTENSIONS = YES;
				CLANG_ANALYZER_NONNULL = YES;
				CLANG_ANALYZER_NUMBER_OBJECT_CONVERSION = YES_AGGRESSIVE;
				CLANG_CXX_LANGUAGE_STANDARD = "gnu++20";
				CLANG_ENABLE_MODULES = YES;
				CLANG_ENABLE_OBJC_ARC = YES;
				CLANG_ENABLE_OBJC_WEAK = YES;
				CLANG_WARN_BLOCK_CAPTURE_AUTORELEASING = YES;
				CLANG_WARN_BOOL_CONVERSION = YES;
				CLANG_WARN_COMMA = YES;
				CLANG_WARN_CONSTANT_CONVERSION = YES;
				CLANG_WARN_DEPRECATED_OBJC_IMPLEMENTATIONS = YES;
				CLANG_WARN_DIRECT_OBJC_ISA_USAGE = YES_ERROR;
				CLANG_WARN_DOCUMENTATION_COMMENTS = YES;
				CLANG_WARN_EMPTY_BODY = YES;
				CLANG_WARN_ENUM_CONVERSION = YES;
				CLANG_WARN_INFINITE_RECURSION = YES;
				CLANG_WARN_INT_CONVERSION = YES;
				CLANG_WARN_NON_LITERAL_NULL_CONVERSION = YES;
				CLANG_WARN_OBJC_IMPLICIT_RETAIN_SELF = YES;
				CLANG_WARN_OBJC_LITERAL_CONVERSION = YES;
				CLANG_WARN_OBJC_ROOT_CLASS = YES_ERROR;
				CLANG_WARN_QUOTED_INCLUDE_IN_FRAMEWORK_HEADER = YES;
				CLANG_WARN_RANGE_LOOP_ANALYSIS = YES;
				CLANG_WARN_STRICT_PROTOTYPES = YES;
				CLANG_WARN_SUSPICIOUS_MOVE = YES;
				CLANG_WARN_UNGUARDED_AVAILABILITY = YES_AGGRESSIVE;
				CLANG_WARN_UNREACHABLE_CODE = YES;
				CLANG_WARN__DUPLICATE_METHOD_MATCH = YES;
				COPY_PHASE_STRIP = NO;
				DEBUG_INFORMATION_FORMAT = dwarf;
				ENABLE_STRICT_OBJC_MSGSEND = YES;
				ENABLE_TESTABILITY = YES;
				ENABLE_USER_SCRIPT_SANDBOXING = YES;
				GCC_C_LANGUAGE_STANDARD = gnu17;
				GCC_DYNAMIC_NO_PIC = NO;
				GCC_NO_COMMON_BLOCKS = YES;
				GCC_OPTIMIZATION_LEVEL = 0;
				GCC_PREPROCESSOR_DEFINITIONS = (
					"DEBUG=1",
					"$(inherited)",
				);
				GCC_WARN_64_TO_32_BIT_CONVERSION = YES;
				GCC_WARN_ABOUT_RETURN_TYPE = YES_ERROR;
				GCC_WARN_UNDECLARED_SELECTOR = YES;
				GCC_WARN_UNINITIALIZED_AUTOS = YES_AGGRESSIVE;
				GCC_WARN_UNUSED_FUNCTION = YES;
				GCC_WARN_UNUSED_VARIABLE = YES;
				IPHONEOS_DEPLOYMENT_TARGET = 17.2;
				LOCALIZATION_PREFERS_STRING_CATALOGS = YES;
				MTL_ENABLE_DEBUG_INFO = INCLUDE_SOURCE;
				MTL_FAST_MATH = YES;
				ONLY_ACTIVE_ARCH = YES;
				SDKROOT = iphoneos;
				SWIFT_ACTIVE_COMPILATION_CONDITIONS = "DEBUG $(inherited)";
				SWIFT_OPTIMIZATION_LEVEL = "-Onone";
			};
			name = Debug;
		};
		23E458CD2B385E0500B4F3C3 /* Release */ = {
			isa = XCBuildConfiguration;
			buildSettings = {
				ALWAYS_SEARCH_USER_PATHS = NO;
				ASSETCATALOG_COMPILER_GENERATE_SWIFT_ASSET_SYMBOL_EXTENSIONS = YES;
				CLANG_ANALYZER_NONNULL = YES;
				CLANG_ANALYZER_NUMBER_OBJECT_CONVERSION = YES_AGGRESSIVE;
				CLANG_CXX_LANGUAGE_STANDARD = "gnu++20";
				CLANG_ENABLE_MODULES = YES;
				CLANG_ENABLE_OBJC_ARC = YES;
				CLANG_ENABLE_OBJC_WEAK = YES;
				CLANG_WARN_BLOCK_CAPTURE_AUTORELEASING = YES;
				CLANG_WARN_BOOL_CONVERSION = YES;
				CLANG_WARN_COMMA = YES;
				CLANG_WARN_CONSTANT_CONVERSION = YES;
				CLANG_WARN_DEPRECATED_OBJC_IMPLEMENTATIONS = YES;
				CLANG_WARN_DIRECT_OBJC_ISA_USAGE = YES_ERROR;
				CLANG_WARN_DOCUMENTATION_COMMENTS = YES;
				CLANG_WARN_EMPTY_BODY = YES;
				CLANG_WARN_ENUM_CONVERSION = YES;
				CLANG_WARN_INFINITE_RECURSION = YES;
				CLANG_WARN_INT_CONVERSION = YES;
				CLANG_WARN_NON_LITERAL_NULL_CONVERSION = YES;
				CLANG_WARN_OBJC_IMPLICIT_RETAIN_SELF = YES;
				CLANG_WARN_OBJC_LITERAL_CONVERSION = YES;
				CLANG_WARN_OBJC_ROOT_CLASS = YES_ERROR;
				CLANG_WARN_QUOTED_INCLUDE_IN_FRAMEWORK_HEADER = YES;
				CLANG_WARN_RANGE_LOOP_ANALYSIS = YES;
				CLANG_WARN_STRICT_PROTOTYPES = YES;
				CLANG_WARN_SUSPICIOUS_MOVE = YES;
				CLANG_WARN_UNGUARDED_AVAILABILITY = YES_AGGRESSIVE;
				CLANG_WARN_UNREACHABLE_CODE = YES;
				CLANG_WARN__DUPLICATE_METHOD_MATCH = YES;
				COPY_PHASE_STRIP = NO;
				DEBUG_INFORMATION_FORMAT = "dwarf-with-dsym";
				ENABLE_NS_ASSERTIONS = NO;
				ENABLE_STRICT_OBJC_MSGSEND = YES;
				ENABLE_USER_SCRIPT_SANDBOXING = YES;
				GCC_C_LANGUAGE_STANDARD = gnu17;
				GCC_NO_COMMON_BLOCKS = YES;
				GCC_WARN_64_TO_32_BIT_CONVERSION = YES;
				GCC_WARN_ABOUT_RETURN_TYPE = YES_ERROR;
				GCC_WARN_UNDECLARED_SELECTOR = YES;
				GCC_WARN_UNINITIALIZED_AUTOS = YES_AGGRESSIVE;
				GCC_WARN_UNUSED_FUNCTION = YES;
				GCC_WARN_UNUSED_VARIABLE = YES;
				IPHONEOS_DEPLOYMENT_TARGET = 17.2;
				LOCALIZATION_PREFERS_STRING_CATALOGS = YES;
				MTL_ENABLE_DEBUG_INFO = NO;
				MTL_FAST_MATH = YES;
				SDKROOT = iphoneos;
				SWIFT_COMPILATION_MODE = wholemodule;
				VALIDATE_PRODUCT = YES;
			};
			name = Release;
		};
		23E458CF2B385E0500B4F3C3 /* Debug */ = {
			isa = XCBuildConfiguration;
			buildSettings = {
				ASSETCATALOG_COMPILER_APPICON_NAME = AppIcon;
				ASSETCATALOG_COMPILER_GLOBAL_ACCENT_COLOR_NAME = AccentColor;
				CODE_SIGN_STYLE = Automatic;
				CURRENT_PROJECT_VERSION = 1;
				DEVELOPMENT_ASSET_PATHS = "\"GuideBook/Preview Content\"";
				DEVELOPMENT_TEAM = 4AGZGZ3C2V;
				ENABLE_PREVIEWS = YES;
				GENERATE_INFOPLIST_FILE = YES;
				INFOPLIST_KEY_UIApplicationSceneManifest_Generation = YES;
				INFOPLIST_KEY_UIApplicationSupportsIndirectInputEvents = YES;
				INFOPLIST_KEY_UILaunchScreen_Generation = YES;
				INFOPLIST_KEY_UISupportedInterfaceOrientations_iPad = "UIInterfaceOrientationPortrait UIInterfaceOrientationPortraitUpsideDown UIInterfaceOrientationLandscapeLeft UIInterfaceOrientationLandscapeRight";
				INFOPLIST_KEY_UISupportedInterfaceOrientations_iPhone = "UIInterfaceOrientationPortrait UIInterfaceOrientationLandscapeLeft UIInterfaceOrientationLandscapeRight";
				LD_RUNPATH_SEARCH_PATHS = (
					"$(inherited)",
					"@executable_path/Frameworks",
				);
				MARKETING_VERSION = 1.0;
				PRODUCT_BUNDLE_IDENTIFIER = com.saymanrifat.GuideBook;
				PRODUCT_NAME = "$(TARGET_NAME)";
				SWIFT_EMIT_LOC_STRINGS = YES;
				SWIFT_VERSION = 5.0;
				TARGETED_DEVICE_FAMILY = "1,2";
			};
			name = Debug;
		};
		23E458D02B385E0500B4F3C3 /* Release */ = {
			isa = XCBuildConfiguration;
			buildSettings = {
				ASSETCATALOG_COMPILER_APPICON_NAME = AppIcon;
				ASSETCATALOG_COMPILER_GLOBAL_ACCENT_COLOR_NAME = AccentColor;
				CODE_SIGN_STYLE = Automatic;
				CURRENT_PROJECT_VERSION = 1;
				DEVELOPMENT_ASSET_PATHS = "\"GuideBook/Preview Content\"";
				DEVELOPMENT_TEAM = 4AGZGZ3C2V;
				ENABLE_PREVIEWS = YES;
				GENERATE_INFOPLIST_FILE = YES;
				INFOPLIST_KEY_UIApplicationSceneManifest_Generation = YES;
				INFOPLIST_KEY_UIApplicationSupportsIndirectInputEvents = YES;
				INFOPLIST_KEY_UILaunchScreen_Generation = YES;
				INFOPLIST_KEY_UISupportedInterfaceOrientations_iPad = "UIInterfaceOrientationPortrait UIInterfaceOrientationPortraitUpsideDown UIInterfaceOrientationLandscapeLeft UIInterfaceOrientationLandscapeRight";
				INFOPLIST_KEY_UISupportedInterfaceOrientations_iPhone = "UIInterfaceOrientationPortrait UIInterfaceOrientationLandscapeLeft UIInterfaceOrientationLandscapeRight";
				LD_RUNPATH_SEARCH_PATHS = (
					"$(inherited)",
					"@executable_path/Frameworks",
				);
				MARKETING_VERSION = 1.0;
				PRODUCT_BUNDLE_IDENTIFIER = com.saymanrifat.GuideBook;
				PRODUCT_NAME = "$(TARGET_NAME)";
				SWIFT_EMIT_LOC_STRINGS = YES;
				SWIFT_VERSION = 5.0;
				TARGETED_DEVICE_FAMILY = "1,2";
			};
			name = Release;
		};
/* End XCBuildConfiguration section */

/* Begin XCConfigurationList section */
		23E458BB2B385E0400B4F3C3 /* Build configuration list for PBXProject "GuideBook" */ = {
			isa = XCConfigurationList;
			buildConfigurations = (
				23E458CC2B385E0500B4F3C3 /* Debug */,
				23E458CD2B385E0500B4F3C3 /* Release */,
			);
			defaultConfigurationIsVisible = 0;
			defaultConfigurationName = Release;
		};
		23E458CE2B385E0500B4F3C3 /* Build configuration list for PBXNativeTarget "GuideBook" */ = {
			isa = XCConfigurationList;
			buildConfigurations = (
				23E458CF2B385E0500B4F3C3 /* Debug */,
				23E458D02B385E0500B4F3C3 /* Release */,
			);
			defaultConfigurationIsVisible = 0;
			defaultConfigurationName = Release;
		};
/* End XCConfigurationList section */
	};
	rootObject = 23E458B82B385E0400B4F3C3 /* Project object */;
}
